
Microsoft Visual Studio Solution File, Format Version 12.00
# Visual Studio Version 16
VisualStudioVersion = 16.0.29209.62
MinimumVisualStudioVersion = 10.0.40219.1
Project("{2150E333-8FDC-42A3-9474-1A3956D46DE8}") = "Repository", "Repository", "{E82CCB5C-ABCA-45A7-A9BC-632DC76912DB}"
	ProjectSection(SolutionItems) = preProject
		.gitignore = .gitignore
		public.snk = public.snk
		CODE_OF_CONDUCT.md = CODE_OF_CONDUCT.md
		CONTRIBUTING.md = CONTRIBUTING.md
		LICENSE = LICENSE
		NOTICE = NOTICE
		README.md = README.md
		icon.png = icon.png
	EndProjectSection
EndProject
Project("{9A19103F-16F7-4668-BE54-9A1E7A4F7556}") = "AWSSDK.CognitoSync.SyncManager", "src\AWSSDK.CognitoSync.SyncManager.csproj", "{8EA81FC2-7333-46A9-BDCF-82F2DE4288CE}"
EndProject
Global
	GlobalSection(SolutionConfigurationPlatforms) = preSolution
		Debug|Any CPU = Debug|Any CPU
		Release|Any CPU = Release|Any CPU
	EndGlobalSection
	GlobalSection(ProjectConfigurationPlatforms) = postSolution
		{8EA81FC2-7333-46A9-BDCF-82F2DE4288CE}.Debug|Any CPU.ActiveCfg = Debug|Any CPU
		{8EA81FC2-7333-46A9-BDCF-82F2DE4288CE}.Debug|Any CPU.Build.0 = Debug|Any CPU
		{8EA81FC2-7333-46A9-BDCF-82F2DE4288CE}.Release|Any CPU.ActiveCfg = Release|Any CPU
		{8EA81FC2-7333-46A9-BDCF-82F2DE4288CE}.Release|Any CPU.Build.0 = Release|Any CPU
	EndGlobalSection
	GlobalSection(SolutionProperties) = preSolution
		HideSolutionNode = FALSE
	EndGlobalSection
	GlobalSection(ExtensibilityGlobals) = postSolution
		SolutionGuid = {F8F06407-6ABB-456E-AFE8-2DFE212A3CB2}
	EndGlobalSection
EndGlobal
